
Microsoft Visual Studio Solution File, Format Version 12.00
# Visual Studio Version 17
VisualStudioVersion = 17.0.31912.275
MinimumVisualStudioVersion = 10.0.40219.1
Project("{9A19103F-16F7-4668-BE54-9A1E7A4F7556}") = "RedHouseLauncher", "RedHouseLauncher\RedHouseLauncher.csproj", "{46203258-B8EB-4ACA-89EA-E5B9F1A5CA55}"
EndProject
Project("{FAE04EC0-301F-11D3-BF4B-00C04F79EFBC}") = "UpdateHelper", "UpdateHelper\UpdateHelper.csproj", "{F93E765D-E060-48A9-887E-D3001F4E1302}"
EndProject
Global
	GlobalSection(SolutionConfigurationPlatforms) = preSolution
		Debug|Any CPU = Debug|Any CPU
		Release|Any CPU = Release|Any CPU
	EndGlobalSection
	GlobalSection(ProjectConfigurationPlatforms) = postSolution
		{46203258-B8EB-4ACA-89EA-E5B9F1A5CA55}.Debug|Any CPU.ActiveCfg = Debug|Any CPU
		{46203258-B8EB-4ACA-89EA-E5B9F1A5CA55}.Debug|Any CPU.Build.0 = Debug|Any CPU
		{46203258-B8EB-4ACA-89EA-E5B9F1A5CA55}.Release|Any CPU.ActiveCfg = Release|Any CPU
		{46203258-B8EB-4ACA-89EA-E5B9F1A5CA55}.Release|Any CPU.Build.0 = Release|Any CPU
		{F93E765D-E060-48A9-887E-D3001F4E1302}.Debug|Any CPU.ActiveCfg = Debug|Any CPU
		{F93E765D-E060-48A9-887E-D3001F4E1302}.Debug|Any CPU.Build.0 = Debug|Any CPU
		{F93E765D-E060-48A9-887E-D3001F4E1302}.Release|Any CPU.ActiveCfg = Release|Any CPU
		{F93E765D-E060-48A9-887E-D3001F4E1302}.Release|Any CPU.Build.0 = Release|Any CPU
	EndGlobalSection
	GlobalSection(SolutionProperties) = preSolution
		HideSolutionNode = FALSE
	EndGlobalSection
	GlobalSection(ExtensibilityGlobals) = postSolution
		SolutionGuid = {61B036D8-2FD5-4026-8DA8-4108F68582FA}
	EndGlobalSection
EndGlobal
